
Microsoft Visual Studio Solution File, Format Version 12.00
# Visual Studio Version 17
VisualStudioVersion = 17.7.34024.191
MinimumVisualStudioVersion = 10.0.40219.1
Project("{FAE04EC0-301F-11D3-BF4B-00C04F79EFBC}") = "ecommerce-iniciativatena", "ecommerce-iniciativatena.csproj", "{6BCEB9CF-BBF5-4991-808F-7F943B209F75}"
EndProject
Global
	GlobalSection(SolutionConfigurationPlatforms) = preSolution
		Debug|Any CPU = Debug|Any CPU
		Release|Any CPU = Release|Any CPU
	EndGlobalSection
	GlobalSection(ProjectConfigurationPlatforms) = postSolution
		{6BCEB9CF-BBF5-4991-808F-7F943B209F75}.Debug|Any CPU.ActiveCfg = Debug|Any CPU
		{6BCEB9CF-BBF5-4991-808F-7F943B209F75}.Debug|Any CPU.Build.0 = Debug|Any CPU
		{6BCEB9CF-BBF5-4991-808F-7F943B209F75}.Release|Any CPU.ActiveCfg = Release|Any CPU
		{6BCEB9CF-BBF5-4991-808F-7F943B209F75}.Release|Any CPU.Build.0 = Release|Any CPU
	EndGlobalSection
	GlobalSection(SolutionProperties) = preSolution
		HideSolutionNode = FALSE
	EndGlobalSection
	GlobalSection(ExtensibilityGlobals) = postSolution
		SolutionGuid = {5BA06AE7-2E23-4F1B-B968-15A628DEF434}
	EndGlobalSection
EndGlobal
